
Microsoft Visual Studio Solution File, Format Version 12.00
# Visual Studio Version 16
VisualStudioVersion = 16.0.32510.428
MinimumVisualStudioVersion = 10.0.40219.1
Project("{FAE04EC0-301F-11D3-BF4B-00C04F79EFBC}") = "MorrowRim2", "MorrowRim2\MorrowRim2.csproj", "{3B83AEB0-830D-4E9A-8F89-851F277C43B2}"
EndProject
Global
	GlobalSection(SolutionConfigurationPlatforms) = preSolution
		Debug|Any CPU = Debug|Any CPU
		Release|Any CPU = Release|Any CPU
	EndGlobalSection
	GlobalSection(ProjectConfigurationPlatforms) = postSolution
		{3B83AEB0-830D-4E9A-8F89-851F277C43B2}.Debug|Any CPU.ActiveCfg = Debug|Any CPU
		{3B83AEB0-830D-4E9A-8F89-851F277C43B2}.Debug|Any CPU.Build.0 = Debug|Any CPU
		{3B83AEB0-830D-4E9A-8F89-851F277C43B2}.Release|Any CPU.ActiveCfg = Release|Any CPU
		{3B83AEB0-830D-4E9A-8F89-851F277C43B2}.Release|Any CPU.Build.0 = Release|Any CPU
	EndGlobalSection
	GlobalSection(SolutionProperties) = preSolution
		HideSolutionNode = FALSE
	EndGlobalSection
	GlobalSection(ExtensibilityGlobals) = postSolution
		SolutionGuid = {6664107C-02B5-406F-BD06-9E18314E300B}
	EndGlobalSection
EndGlobal
